// !$*UTF8*$!
{
	archiveVersion = 1;
	classes = {
	};
	objectVersion = 50;
	objects = {

/* Begin PBXBuildFile section */
		2B1BA333217A013B00E597A4 /* UserFilter.swift in Sources */ = {isa = PBXBuildFile; fileRef = 2B1BA332217A013B00E597A4 /* UserFilter.swift */; };
		2B1BA335217A038700E597A4 /* GameInfo.swift in Sources */ = {isa = PBXBuildFile; fileRef = 2B1BA334217A038700E597A4 /* GameInfo.swift */; };
		2B8566982177928C00D95BC6 /* CardViewController.storyboard in Resources */ = {isa = PBXBuildFile; fileRef = 2B8566972177928C00D95BC6 /* CardViewController.storyboard */; };
		2BBF4E4C2178B28300F87615 /* CardModalViewController.storyboard in Resources */ = {isa = PBXBuildFile; fileRef = 2BBF4E4B2178B28300F87615 /* CardModalViewController.storyboard */; };
		2BBF4E4E2178B29700F87615 /* CardModalViewController.swift in Sources */ = {isa = PBXBuildFile; fileRef = 2BBF4E4D2178B29700F87615 /* CardModalViewController.swift */; };
		2BBF4E502178BCB400F87615 /* Card.swift in Sources */ = {isa = PBXBuildFile; fileRef = 2BBF4E4F2178BCB400F87615 /* Card.swift */; };
		2BBF4E532179F66B00F87615 /* FilterModalViewController.storyboard in Resources */ = {isa = PBXBuildFile; fileRef = 2BBF4E522179F66B00F87615 /* FilterModalViewController.storyboard */; };
		2BBF4E552179F67A00F87615 /* FilterModalViewController.swift in Sources */ = {isa = PBXBuildFile; fileRef = 2BBF4E542179F67A00F87615 /* FilterModalViewController.swift */; };
		2BC323C8217B5FCA003B1AE1 /* CALayer.swift in Sources */ = {isa = PBXBuildFile; fileRef = 2BC323C7217B5FCA003B1AE1 /* CALayer.swift */; };
		2BC92B322177512200B60295 /* AppDelegate.swift in Sources */ = {isa = PBXBuildFile; fileRef = 2BC92B312177512200B60295 /* AppDelegate.swift */; };
		2BC92B372177512200B60295 /* Main.storyboard in Resources */ = {isa = PBXBuildFile; fileRef = 2BC92B352177512200B60295 /* Main.storyboard */; };
		2BC92B3A2177512200B60295 /* Hearthbase.xcdatamodeld in Sources */ = {isa = PBXBuildFile; fileRef = 2BC92B382177512200B60295 /* Hearthbase.xcdatamodeld */; };
		2BC92B3C2177512300B60295 /* Assets.xcassets in Resources */ = {isa = PBXBuildFile; fileRef = 2BC92B3B2177512300B60295 /* Assets.xcassets */; };
		2BC92B3F2177512300B60295 /* LaunchScreen.storyboard in Resources */ = {isa = PBXBuildFile; fileRef = 2BC92B3D2177512300B60295 /* LaunchScreen.storyboard */; };
		2BC92B4F21775A2D00B60295 /* CardCollectionViewCell.swift in Sources */ = {isa = PBXBuildFile; fileRef = 2BC92B4D21775A2D00B60295 /* CardCollectionViewCell.swift */; };
		2BC92B5021775A2D00B60295 /* CardCollectionViewCell.xib in Resources */ = {isa = PBXBuildFile; fileRef = 2BC92B4E21775A2D00B60295 /* CardCollectionViewCell.xib */; };
		2BC92B5821775EBC00B60295 /* CardViewController.swift in Sources */ = {isa = PBXBuildFile; fileRef = 2BC92B5621775EBC00B60295 /* CardViewController.swift */; };
		2BC92B5D217766FA00B60295 /* CardModel.swift in Sources */ = {isa = PBXBuildFile; fileRef = 2BC92B5C217766FA00B60295 /* CardModel.swift */; };
		2BC92B5F217767CF00B60295 /* RequestHandler.swift in Sources */ = {isa = PBXBuildFile; fileRef = 2BC92B5E217767CF00B60295 /* RequestHandler.swift */; };
/* End PBXBuildFile section */

/* Begin PBXFileReference section */
		2B1BA332217A013B00E597A4 /* UserFilter.swift */ = {isa = PBXFileReference; lastKnownFileType = sourcecode.swift; path = UserFilter.swift; sourceTree = "<group>"; };
		2B1BA334217A038700E597A4 /* GameInfo.swift */ = {isa = PBXFileReference; lastKnownFileType = sourcecode.swift; path = GameInfo.swift; sourceTree = "<group>"; };
		2B8566972177928C00D95BC6 /* CardViewController.storyboard */ = {isa = PBXFileReference; lastKnownFileType = file.storyboard; path = CardViewController.storyboard; sourceTree = "<group>"; };
		2BBF4E4B2178B28300F87615 /* CardModalViewController.storyboard */ = {isa = PBXFileReference; lastKnownFileType = file.storyboard; path = CardModalViewController.storyboard; sourceTree = "<group>"; };
		2BBF4E4D2178B29700F87615 /* CardModalViewController.swift */ = {isa = PBXFileReference; lastKnownFileType = sourcecode.swift; path = CardModalViewController.swift; sourceTree = "<group>"; };
		2BBF4E4F2178BCB400F87615 /* Card.swift */ = {isa = PBXFileReference; lastKnownFileType = sourcecode.swift; path = Card.swift; sourceTree = "<group>"; };
		2BBF4E522179F66B00F87615 /* FilterModalViewController.storyboard */ = {isa = PBXFileReference; lastKnownFileType = file.storyboard; path = FilterModalViewController.storyboard; sourceTree = "<group>"; };
		2BBF4E542179F67A00F87615 /* FilterModalViewController.swift */ = {isa = PBXFileReference; lastKnownFileType = sourcecode.swift; path = FilterModalViewController.swift; sourceTree = "<group>"; };
		2BC323C7217B5FCA003B1AE1 /* CALayer.swift */ = {isa = PBXFileReference; lastKnownFileType = sourcecode.swift; path = CALayer.swift; sourceTree = "<group>"; };
		2BC92B2E2177512200B60295 /* Hearthbase.app */ = {isa = PBXFileReference; explicitFileType = wrapper.application; includeInIndex = 0; path = Hearthbase.app; sourceTree = BUILT_PRODUCTS_DIR; };
		2BC92B312177512200B60295 /* AppDelegate.swift */ = {isa = PBXFileReference; lastKnownFileType = sourcecode.swift; path = AppDelegate.swift; sourceTree = "<group>"; };
		2BC92B362177512200B60295 /* Base */ = {isa = PBXFileReference; lastKnownFileType = file.storyboard; name = Base; path = Base.lproj/Main.storyboard; sourceTree = "<group>"; };
		2BC92B392177512200B60295 /* Hearthbase.xcdatamodel */ = {isa = PBXFileReference; lastKnownFileType = wrapper.xcdatamodel; path = Hearthbase.xcdatamodel; sourceTree = "<group>"; };
		2BC92B3B2177512300B60295 /* Assets.xcassets */ = {isa = PBXFileReference; lastKnownFileType = folder.assetcatalog; path = Assets.xcassets; sourceTree = "<group>"; };
		2BC92B3E2177512300B60295 /* Base */ = {isa = PBXFileReference; lastKnownFileType = file.storyboard; name = Base; path = Base.lproj/LaunchScreen.storyboard; sourceTree = "<group>"; };
		2BC92B402177512300B60295 /* Info.plist */ = {isa = PBXFileReference; lastKnownFileType = text.plist.xml; path = Info.plist; sourceTree = "<group>"; };
		2BC92B4D21775A2D00B60295 /* CardCollectionViewCell.swift */ = {isa = PBXFileReference; lastKnownFileType = sourcecode.swift; path = CardCollectionViewCell.swift; sourceTree = "<group>"; };
		2BC92B4E21775A2D00B60295 /* CardCollectionViewCell.xib */ = {isa = PBXFileReference; lastKnownFileType = file.xib; path = CardCollectionViewCell.xib; sourceTree = "<group>"; };
		2BC92B5621775EBC00B60295 /* CardViewController.swift */ = {isa = PBXFileReference; lastKnownFileType = sourcecode.swift; path = CardViewController.swift; sourceTree = "<group>"; };
		2BC92B5C217766FA00B60295 /* CardModel.swift */ = {isa = PBXFileReference; lastKnownFileType = sourcecode.swift; path = CardModel.swift; sourceTree = "<group>"; };
		2BC92B5E217767CF00B60295 /* RequestHandler.swift */ = {isa = PBXFileReference; lastKnownFileType = sourcecode.swift; path = RequestHandler.swift; sourceTree = "<group>"; };
/* End PBXFileReference section */

/* Begin PBXFrameworksBuildPhase section */
		2BC92B2B2177512200B60295 /* Frameworks */ = {
			isa = PBXFrameworksBuildPhase;
			buildActionMask = 2147483647;
			files = (
			);
			runOnlyForDeploymentPostprocessing = 0;
		};
/* End PBXFrameworksBuildPhase section */

/* Begin PBXGroup section */
		2BBF4E4A2178B21D00F87615 /* CardModalView */ = {
			isa = PBXGroup;
			children = (
				2BBF4E4B2178B28300F87615 /* CardModalViewController.storyboard */,
				2BBF4E4D2178B29700F87615 /* CardModalViewController.swift */,
			);
			path = CardModalView;
			sourceTree = "<group>";
		};
		2BBF4E512179F64500F87615 /* FilterModalView */ = {
			isa = PBXGroup;
			children = (
				2BBF4E522179F66B00F87615 /* FilterModalViewController.storyboard */,
				2BBF4E542179F67A00F87615 /* FilterModalViewController.swift */,
			);
			path = FilterModalView;
			sourceTree = "<group>";
		};
		2BC323C6217B5FBB003B1AE1 /* Extensions */ = {
			isa = PBXGroup;
			children = (
				2BC323C7217B5FCA003B1AE1 /* CALayer.swift */,
			);
			path = Extensions;
			sourceTree = "<group>";
		};
		2BC92B252177512200B60295 = {
			isa = PBXGroup;
			children = (
				2BC92B302177512200B60295 /* Hearthbase */,
				2BC92B2F2177512200B60295 /* Products */,
			);
			sourceTree = "<group>";
		};
		2BC92B2F2177512200B60295 /* Products */ = {
			isa = PBXGroup;
			children = (
				2BC92B2E2177512200B60295 /* Hearthbase.app */,
			);
			name = Products;
			sourceTree = "<group>";
		};
		2BC92B302177512200B60295 /* Hearthbase */ = {
			isa = PBXGroup;
			children = (
				2BC323C6217B5FBB003B1AE1 /* Extensions */,
				2BC92B5B217766F100B60295 /* Model */,
				2BC92B4B2177528700B60295 /* Views */,
				2BC92B312177512200B60295 /* AppDelegate.swift */,
				2BC92B352177512200B60295 /* Main.storyboard */,
				2BC92B3B2177512300B60295 /* Assets.xcassets */,
				2BC92B3D2177512300B60295 /* LaunchScreen.storyboard */,
				2BC92B402177512300B60295 /* Info.plist */,
				2BC92B382177512200B60295 /* Hearthbase.xcdatamodeld */,
			);
			path = Hearthbase;
			sourceTree = "<group>";
		};
		2BC92B4B2177528700B60295 /* Views */ = {
			isa = PBXGroup;
			children = (
				2BBF4E512179F64500F87615 /* FilterModalView */,
				2BBF4E4A2178B21D00F87615 /* CardModalView */,
				2BC92B5121775C8900B60295 /* CardCollectionView */,
				2BC92B4C21775A0900B60295 /* CardCollectionViewCell */,
			);
			path = Views;
			sourceTree = "<group>";
		};
		2BC92B4C21775A0900B60295 /* CardCollectionViewCell */ = {
			isa = PBXGroup;
			children = (
				2BC92B4D21775A2D00B60295 /* CardCollectionViewCell.swift */,
				2BC92B4E21775A2D00B60295 /* CardCollectionViewCell.xib */,
			);
			path = CardCollectionViewCell;
			sourceTree = "<group>";
		};
		2BC92B5121775C8900B60295 /* CardCollectionView */ = {
			isa = PBXGroup;
			children = (
				2BC92B5621775EBC00B60295 /* CardViewController.swift */,
				2B8566972177928C00D95BC6 /* CardViewController.storyboard */,
			);
			path = CardCollectionView;
			sourceTree = "<group>";
		};
		2BC92B5B217766F100B60295 /* Model */ = {
			isa = PBXGroup;
			children = (
				2BC92B5C217766FA00B60295 /* CardModel.swift */,
				2BC92B5E217767CF00B60295 /* RequestHandler.swift */,
				2BBF4E4F2178BCB400F87615 /* Card.swift */,
				2B1BA332217A013B00E597A4 /* UserFilter.swift */,
				2B1BA334217A038700E597A4 /* GameInfo.swift */,
			);
			path = Model;
			sourceTree = "<group>";
		};
/* End PBXGroup section */

/* Begin PBXNativeTarget section */
		2BC92B2D2177512200B60295 /* Hearthbase */ = {
			isa = PBXNativeTarget;
			buildConfigurationList = 2BC92B432177512300B60295 /* Build configuration list for PBXNativeTarget "Hearthbase" */;
			buildPhases = (
				2BC92B2A2177512200B60295 /* Sources */,
				2BC92B2B2177512200B60295 /* Frameworks */,
				2BC92B2C2177512200B60295 /* Resources */,
			);
			buildRules = (
			);
			dependencies = (
			);
			name = Hearthbase;
			productName = Hearthbase;
			productReference = 2BC92B2E2177512200B60295 /* Hearthbase.app */;
			productType = "com.apple.product-type.application";
		};
/* End PBXNativeTarget section */

/* Begin PBXProject section */
		2BC92B262177512200B60295 /* Project object */ = {
			isa = PBXProject;
			attributes = {
				LastSwiftUpdateCheck = 1000;
				LastUpgradeCheck = 1000;
				ORGANIZATIONNAME = "Paulo José";
				TargetAttributes = {
					2BC92B2D2177512200B60295 = {
						CreatedOnToolsVersion = 10.0;
					};
				};
			};
			buildConfigurationList = 2BC92B292177512200B60295 /* Build configuration list for PBXProject "Hearthbase" */;
			compatibilityVersion = "Xcode 9.3";
			developmentRegion = en;
			hasScannedForEncodings = 0;
			knownRegions = (
				en,
				Base,
			);
			mainGroup = 2BC92B252177512200B60295;
			productRefGroup = 2BC92B2F2177512200B60295 /* Products */;
			projectDirPath = "";
			projectRoot = "";
			targets = (
				2BC92B2D2177512200B60295 /* Hearthbase */,
			);
		};
/* End PBXProject section */

/* Begin PBXResourcesBuildPhase section */
		2BC92B2C2177512200B60295 /* Resources */ = {
			isa = PBXResourcesBuildPhase;
			buildActionMask = 2147483647;
			files = (
				2BBF4E4C2178B28300F87615 /* CardModalViewController.storyboard in Resources */,
				2B8566982177928C00D95BC6 /* CardViewController.storyboard in Resources */,
				2BBF4E532179F66B00F87615 /* FilterModalViewController.storyboard in Resources */,
				2BC92B3F2177512300B60295 /* LaunchScreen.storyboard in Resources */,
				2BC92B5021775A2D00B60295 /* CardCollectionViewCell.xib in Resources */,
				2BC92B3C2177512300B60295 /* Assets.xcassets in Resources */,
				2BC92B372177512200B60295 /* Main.storyboard in Resources */,
			);
			runOnlyForDeploymentPostprocessing = 0;
		};
/* End PBXResourcesBuildPhase section */

/* Begin PBXSourcesBuildPhase section */
		2BC92B2A2177512200B60295 /* Sources */ = {
			isa = PBXSourcesBuildPhase;
			buildActionMask = 2147483647;
			files = (
				2BC92B3A2177512200B60295 /* Hearthbase.xcdatamodeld in Sources */,
				2BBF4E502178BCB400F87615 /* Card.swift in Sources */,
				2BC92B5D217766FA00B60295 /* CardModel.swift in Sources */,
				2BC92B5821775EBC00B60295 /* CardViewController.swift in Sources */,
				2B1BA333217A013B00E597A4 /* UserFilter.swift in Sources */,
				2BC92B322177512200B60295 /* AppDelegate.swift in Sources */,
				2BC92B4F21775A2D00B60295 /* CardCollectionViewCell.swift in Sources */,
				2BC92B5F217767CF00B60295 /* RequestHandler.swift in Sources */,
				2B1BA335217A038700E597A4 /* GameInfo.swift in Sources */,
				2BC323C8217B5FCA003B1AE1 /* CALayer.swift in Sources */,
				2BBF4E4E2178B29700F87615 /* CardModalViewController.swift in Sources */,
				2BBF4E552179F67A00F87615 /* FilterModalViewController.swift in Sources */,
			);
			runOnlyForDeploymentPostprocessing = 0;
		};
/* End PBXSourcesBuildPhase section */

/* Begin PBXVariantGroup section */
		2BC92B352177512200B60295 /* Main.storyboard */ = {
			isa = PBXVariantGroup;
			children = (
				2BC92B362177512200B60295 /* Base */,
			);
			name = Main.storyboard;
			sourceTree = "<group>";
		};
		2BC92B3D2177512300B60295 /* LaunchScreen.storyboard */ = {
			isa = PBXVariantGroup;
			children = (
				2BC92B3E2177512300B60295 /* Base */,
			);
			name = LaunchScreen.storyboard;
			sourceTree = "<group>";
		};
/* End PBXVariantGroup section */

/* Begin XCBuildConfiguration section */
		2BC92B412177512300B60295 /* Debug */ = {
			isa = XCBuildConfiguration;
			buildSettings = {
				ALWAYS_SEARCH_USER_PATHS = NO;
				CLANG_ANALYZER_NONNULL = YES;
				CLANG_ANALYZER_NUMBER_OBJECT_CONVERSION = YES_AGGRESSIVE;
				CLANG_CXX_LANGUAGE_STANDARD = "gnu++14";
				CLANG_CXX_LIBRARY = "libc++";
				CLANG_ENABLE_MODULES = YES;
				CLANG_ENABLE_OBJC_ARC = YES;
				CLANG_ENABLE_OBJC_WEAK = YES;
				CLANG_WARN_BLOCK_CAPTURE_AUTORELEASING = YES;
				CLANG_WARN_BOOL_CONVERSION = YES;
				CLANG_WARN_COMMA = YES;
				CLANG_WARN_CONSTANT_CONVERSION = YES;
				CLANG_WARN_DEPRECATED_OBJC_IMPLEMENTATIONS = YES;
				CLANG_WARN_DIRECT_OBJC_ISA_USAGE = YES_ERROR;
				CLANG_WARN_DOCUMENTATION_COMMENTS = YES;
				CLANG_WARN_EMPTY_BODY = YES;
				CLANG_WARN_ENUM_CONVERSION = YES;
				CLANG_WARN_INFINITE_RECURSION = YES;
				CLANG_WARN_INT_CONVERSION = YES;
				CLANG_WARN_NON_LITERAL_NULL_CONVERSION = YES;
				CLANG_WARN_OBJC_IMPLICIT_RETAIN_SELF = YES;
				CLANG_WARN_OBJC_LITERAL_CONVERSION = YES;
				CLANG_WARN_OBJC_ROOT_CLASS = YES_ERROR;
				CLANG_WARN_RANGE_LOOP_ANALYSIS = YES;
				CLANG_WARN_STRICT_PROTOTYPES = YES;
				CLANG_WARN_SUSPICIOUS_MOVE = YES;
				CLANG_WARN_UNGUARDED_AVAILABILITY = YES_AGGRESSIVE;
				CLANG_WARN_UNREACHABLE_CODE = YES;
				CLANG_WARN__DUPLICATE_METHOD_MATCH = YES;
				CODE_SIGN_IDENTITY = "iPhone Developer";
				COPY_PHASE_STRIP = NO;
				DEBUG_INFORMATION_FORMAT = dwarf;
				ENABLE_STRICT_OBJC_MSGSEND = YES;
				ENABLE_TESTABILITY = YES;
				GCC_C_LANGUAGE_STANDARD = gnu11;
				GCC_DYNAMIC_NO_PIC = NO;
				GCC_NO_COMMON_BLOCKS = YES;
				GCC_OPTIMIZATION_LEVEL = 0;
				GCC_PREPROCESSOR_DEFINITIONS = (
					"DEBUG=1",
					"$(inherited)",
				);
				GCC_WARN_64_TO_32_BIT_CONVERSION = YES;
				GCC_WARN_ABOUT_RETURN_TYPE = YES_ERROR;
				GCC_WARN_UNDECLARED_SELECTOR = YES;
				GCC_WARN_UNINITIALIZED_AUTOS = YES_AGGRESSIVE;
				GCC_WARN_UNUSED_FUNCTION = YES;
				GCC_WARN_UNUSED_VARIABLE = YES;
				IPHONEOS_DEPLOYMENT_TARGET = 12.0;
				MTL_ENABLE_DEBUG_INFO = INCLUDE_SOURCE;
				MTL_FAST_MATH = YES;
				ONLY_ACTIVE_ARCH = YES;
				SDKROOT = iphoneos;
				SWIFT_ACTIVE_COMPILATION_CONDITIONS = DEBUG;
				SWIFT_OPTIMIZATION_LEVEL = "-Onone";
			};
			name = Debug;
		};
		2BC92B422177512300B60295 /* Release */ = {
			isa = XCBuildConfiguration;
			buildSettings = {
				ALWAYS_SEARCH_USER_PATHS = NO;
				CLANG_ANALYZER_NONNULL = YES;
				CLANG_ANALYZER_NUMBER_OBJECT_CONVERSION = YES_AGGRESSIVE;
				CLANG_CXX_LANGUAGE_STANDARD = "gnu++14";
				CLANG_CXX_LIBRARY = "libc++";
				CLANG_ENABLE_MODULES = YES;
				CLANG_ENABLE_OBJC_ARC = YES;
				CLANG_ENABLE_OBJC_WEAK = YES;
				CLANG_WARN_BLOCK_CAPTURE_AUTORELEASING = YES;
				CLANG_WARN_BOOL_CONVERSION = YES;
				CLANG_WARN_COMMA = YES;
				CLANG_WARN_CONSTANT_CONVERSION = YES;
				CLANG_WARN_DEPRECATED_OBJC_IMPLEMENTATIONS = YES;
				CLANG_WARN_DIRECT_OBJC_ISA_USAGE = YES_ERROR;
				CLANG_WARN_DOCUMENTATION_COMMENTS = YES;
				CLANG_WARN_EMPTY_BODY = YES;
				CLANG_WARN_ENUM_CONVERSION = YES;
				CLANG_WARN_INFINITE_RECURSION = YES;
				CLANG_WARN_INT_CONVERSION = YES;
				CLANG_WARN_NON_LITERAL_NULL_CONVERSION = YES;
				CLANG_WARN_OBJC_IMPLICIT_RETAIN_SELF = YES;
				CLANG_WARN_OBJC_LITERAL_CONVERSION = YES;
				CLANG_WARN_OBJC_ROOT_CLASS = YES_ERROR;
				CLANG_WARN_RANGE_LOOP_ANALYSIS = YES;
				CLANG_WARN_STRICT_PROTOTYPES = YES;
				CLANG_WARN_SUSPICIOUS_MOVE = YES;
				CLANG_WARN_UNGUARDED_AVAILABILITY = YES_AGGRESSIVE;
				CLANG_WARN_UNREACHABLE_CODE = YES;
				CLANG_WARN__DUPLICATE_METHOD_MATCH = YES;
				CODE_SIGN_IDENTITY = "iPhone Developer";
				COPY_PHASE_STRIP = NO;
				DEBUG_INFORMATION_FORMAT = "dwarf-with-dsym";
				ENABLE_NS_ASSERTIONS = NO;
				ENABLE_STRICT_OBJC_MSGSEND = YES;
				GCC_C_LANGUAGE_STANDARD = gnu11;
				GCC_NO_COMMON_BLOCKS = YES;
				GCC_WARN_64_TO_32_BIT_CONVERSION = YES;
				GCC_WARN_ABOUT_RETURN_TYPE = YES_ERROR;
				GCC_WARN_UNDECLARED_SELECTOR = YES;
				GCC_WARN_UNINITIALIZED_AUTOS = YES_AGGRESSIVE;
				GCC_WARN_UNUSED_FUNCTION = YES;
				GCC_WARN_UNUSED_VARIABLE = YES;
				IPHONEOS_DEPLOYMENT_TARGET = 12.0;
				MTL_ENABLE_DEBUG_INFO = NO;
				MTL_FAST_MATH = YES;
				SDKROOT = iphoneos;
				SWIFT_COMPILATION_MODE = wholemodule;
				SWIFT_OPTIMIZATION_LEVEL = "-O";
				VALIDATE_PRODUCT = YES;
			};
			name = Release;
		};
		2BC92B442177512300B60295 /* Debug */ = {
			isa = XCBuildConfiguration;
			buildSettings = {
				ASSETCATALOG_COMPILER_APPICON_NAME = AppIcon;
				CODE_SIGN_STYLE = Automatic;
				DEVELOPMENT_TEAM = VA7DWMQ39T;
				INFOPLIST_FILE = Hearthbase/Info.plist;
				LD_RUNPATH_SEARCH_PATHS = (
					"$(inherited)",
					"@executable_path/Frameworks",
				);
				PRODUCT_BUNDLE_IDENTIFIER = com.paulocardoso.Hearthbase;
				PRODUCT_NAME = "$(TARGET_NAME)";
				SWIFT_VERSION = 4.2;
				TARGETED_DEVICE_FAMILY = "1,2";
			};
			name = Debug;
		};
		2BC92B452177512300B60295 /* Release */ = {
			isa = XCBuildConfiguration;
			buildSettings = {
				ASSETCATALOG_COMPILER_APPICON_NAME = AppIcon;
				CODE_SIGN_STYLE = Automatic;
				DEVELOPMENT_TEAM = VA7DWMQ39T;
				INFOPLIST_FILE = Hearthbase/Info.plist;
				LD_RUNPATH_SEARCH_PATHS = (
					"$(inherited)",
					"@executable_path/Frameworks",
				);
				PRODUCT_BUNDLE_IDENTIFIER = com.paulocardoso.Hearthbase;
				PRODUCT_NAME = "$(TARGET_NAME)";
				SWIFT_VERSION = 4.2;
				TARGETED_DEVICE_FAMILY = "1,2";
			};
			name = Release;
		};
/* End XCBuildConfiguration section */

/* Begin XCConfigurationList section */
		2BC92B292177512200B60295 /* Build configuration list for PBXProject "Hearthbase" */ = {
			isa = XCConfigurationList;
			buildConfigurations = (
				2BC92B412177512300B60295 /* Debug */,
				2BC92B422177512300B60295 /* Release */,
			);
			defaultConfigurationIsVisible = 0;
			defaultConfigurationName = Release;
		};
		2BC92B432177512300B60295 /* Build configuration list for PBXNativeTarget "Hearthbase" */ = {
			isa = XCConfigurationList;
			buildConfigurations = (
				2BC92B442177512300B60295 /* Debug */,
				2BC92B452177512300B60295 /* Release */,
			);
			defaultConfigurationIsVisible = 0;
			defaultConfigurationName = Release;
		};
/* End XCConfigurationList section */

/* Begin XCVersionGroup section */
		2BC92B382177512200B60295 /* Hearthbase.xcdatamodeld */ = {
			isa = XCVersionGroup;
			children = (
				2BC92B392177512200B60295 /* Hearthbase.xcdatamodel */,
			);
			currentVersion = 2BC92B392177512200B60295 /* Hearthbase.xcdatamodel */;
			path = Hearthbase.xcdatamodeld;
			sourceTree = "<group>";
			versionGroupType = wrapper.xcdatamodel;
		};
/* End XCVersionGroup section */
	};
	rootObject = 2BC92B262177512200B60295 /* Project object */;
}
